// !$*UTF8*$!
{
	archiveVersion = 1;
	classes = {
	};
	objectVersion = 50;
	objects = {

/* Begin PBXBuildFile section */
		E3506EBF24C83BAD00964042 /* AppDelegate.swift in Sources */ = {isa = PBXBuildFile; fileRef = E3506EBE24C83BAD00964042 /* AppDelegate.swift */; };
		E3506EC524C83BAD00964042 /* GameScene.swift in Sources */ = {isa = PBXBuildFile; fileRef = E3506EC424C83BAD00964042 /* GameScene.swift */; };
		E3506EC724C83BAD00964042 /* GameViewController.swift in Sources */ = {isa = PBXBuildFile; fileRef = E3506EC624C83BAD00964042 /* GameViewController.swift */; };
		E3506ECA24C83BAD00964042 /* Main.storyboard in Resources */ = {isa = PBXBuildFile; fileRef = E3506EC824C83BAD00964042 /* Main.storyboard */; };
		E3506ECC24C83BBA00964042 /* Assets.xcassets in Resources */ = {isa = PBXBuildFile; fileRef = E3506ECB24C83BBA00964042 /* Assets.xcassets */; };
		E3506ECF24C83BBA00964042 /* LaunchScreen.storyboard in Resources */ = {isa = PBXBuildFile; fileRef = E3506ECD24C83BBA00964042 /* LaunchScreen.storyboard */; };
		E3506EDC24CADA3600964042 /* Enums.swift in Sources */ = {isa = PBXBuildFile; fileRef = E3506EDB24CADA3600964042 /* Enums.swift */; };
		E3506EDE24CADA6B00964042 /* Side.swift in Sources */ = {isa = PBXBuildFile; fileRef = E3506EDD24CADA6B00964042 /* Side.swift */; };
		E3506EE024CADADB00964042 /* Ball.swift in Sources */ = {isa = PBXBuildFile; fileRef = E3506EDF24CADADB00964042 /* Ball.swift */; };
		E3506EE224CAFB3C00964042 /* CGFloat.swift in Sources */ = {isa = PBXBuildFile; fileRef = E3506EE124CAFB3B00964042 /* CGFloat.swift */; };
		E3506EE424CB006F00964042 /* UIColor.swift in Sources */ = {isa = PBXBuildFile; fileRef = E3506EE324CB006F00964042 /* UIColor.swift */; };
		E3506EE624CD9EB100964042 /* HUD.swift in Sources */ = {isa = PBXBuildFile; fileRef = E3506EE524CD9EB000964042 /* HUD.swift */; };
		E3506EE824CDA66500964042 /* PhysicsCategory.swift in Sources */ = {isa = PBXBuildFile; fileRef = E3506EE724CDA66500964042 /* PhysicsCategory.swift */; };
		E3506EEA24CEDF9500964042 /* HighscoreGenerator.swift in Sources */ = {isa = PBXBuildFile; fileRef = E3506EE924CEDF9500964042 /* HighscoreGenerator.swift */; };
		E3506EEF24CEEBD700964042 /* correct.wav in Resources */ = {isa = PBXBuildFile; fileRef = E3506EEE24CEEBD700964042 /* correct.wav */; };
		E3506EF124CEF08200964042 /* wrong.wav in Resources */ = {isa = PBXBuildFile; fileRef = E3506EF024CEF08200964042 /* wrong.wav */; };
		E3506EF324CF0FAF00964042 /* GameOverScene.swift in Sources */ = {isa = PBXBuildFile; fileRef = E3506EF224CF0FAE00964042 /* GameOverScene.swift */; };
		E3506EF724D0022400964042 /* MainMenuScene.swift in Sources */ = {isa = PBXBuildFile; fileRef = E3506EF624D0022400964042 /* MainMenuScene.swift */; };
		E3506EF924D006BF00964042 /* ColorWheelBase.swift in Sources */ = {isa = PBXBuildFile; fileRef = E3506EF824D006BF00964042 /* ColorWheelBase.swift */; };
/* End PBXBuildFile section */

/* Begin PBXFileReference section */
		E3506EBB24C83BAD00964042 /* RainbowCircle.app */ = {isa = PBXFileReference; explicitFileType = wrapper.application; includeInIndex = 0; path = RainbowCircle.app; sourceTree = BUILT_PRODUCTS_DIR; };
		E3506EBE24C83BAD00964042 /* AppDelegate.swift */ = {isa = PBXFileReference; lastKnownFileType = sourcecode.swift; path = AppDelegate.swift; sourceTree = "<group>"; };
		E3506EC424C83BAD00964042 /* GameScene.swift */ = {isa = PBXFileReference; lastKnownFileType = sourcecode.swift; path = GameScene.swift; sourceTree = "<group>"; };
		E3506EC624C83BAD00964042 /* GameViewController.swift */ = {isa = PBXFileReference; lastKnownFileType = sourcecode.swift; path = GameViewController.swift; sourceTree = "<group>"; };
		E3506EC924C83BAD00964042 /* Base */ = {isa = PBXFileReference; lastKnownFileType = file.storyboard; name = Base; path = Base.lproj/Main.storyboard; sourceTree = "<group>"; };
		E3506ECB24C83BBA00964042 /* Assets.xcassets */ = {isa = PBXFileReference; lastKnownFileType = folder.assetcatalog; path = Assets.xcassets; sourceTree = "<group>"; };
		E3506ECE24C83BBA00964042 /* Base */ = {isa = PBXFileReference; lastKnownFileType = file.storyboard; name = Base; path = Base.lproj/LaunchScreen.storyboard; sourceTree = "<group>"; };
		E3506ED024C83BBA00964042 /* Info.plist */ = {isa = PBXFileReference; lastKnownFileType = text.plist.xml; path = Info.plist; sourceTree = "<group>"; };
		E3506EDB24CADA3600964042 /* Enums.swift */ = {isa = PBXFileReference; lastKnownFileType = sourcecode.swift; path = Enums.swift; sourceTree = "<group>"; };
		E3506EDD24CADA6B00964042 /* Side.swift */ = {isa = PBXFileReference; lastKnownFileType = sourcecode.swift; path = Side.swift; sourceTree = "<group>"; };
		E3506EDF24CADADB00964042 /* Ball.swift */ = {isa = PBXFileReference; lastKnownFileType = sourcecode.swift; path = Ball.swift; sourceTree = "<group>"; };
		E3506EE124CAFB3B00964042 /* CGFloat.swift */ = {isa = PBXFileReference; lastKnownFileType = sourcecode.swift; path = CGFloat.swift; sourceTree = "<group>"; };
		E3506EE324CB006F00964042 /* UIColor.swift */ = {isa = PBXFileReference; lastKnownFileType = sourcecode.swift; path = UIColor.swift; sourceTree = "<group>"; };
		E3506EE524CD9EB000964042 /* HUD.swift */ = {isa = PBXFileReference; lastKnownFileType = sourcecode.swift; path = HUD.swift; sourceTree = "<group>"; };
		E3506EE724CDA66500964042 /* PhysicsCategory.swift */ = {isa = PBXFileReference; lastKnownFileType = sourcecode.swift; path = PhysicsCategory.swift; sourceTree = "<group>"; };
		E3506EE924CEDF9500964042 /* HighscoreGenerator.swift */ = {isa = PBXFileReference; lastKnownFileType = sourcecode.swift; path = HighscoreGenerator.swift; sourceTree = "<group>"; };
		E3506EEE24CEEBD700964042 /* correct.wav */ = {isa = PBXFileReference; lastKnownFileType = audio.wav; name = correct.wav; path = ../../../../../Downloads/correct.wav; sourceTree = "<group>"; };
		E3506EF024CEF08200964042 /* wrong.wav */ = {isa = PBXFileReference; lastKnownFileType = audio.wav; path = wrong.wav; sourceTree = "<group>"; };
		E3506EF224CF0FAE00964042 /* GameOverScene.swift */ = {isa = PBXFileReference; lastKnownFileType = sourcecode.swift; path = GameOverScene.swift; sourceTree = "<group>"; };
		E3506EF624D0022400964042 /* MainMenuScene.swift */ = {isa = PBXFileReference; lastKnownFileType = sourcecode.swift; path = MainMenuScene.swift; sourceTree = "<group>"; };
		E3506EF824D006BF00964042 /* ColorWheelBase.swift */ = {isa = PBXFileReference; lastKnownFileType = sourcecode.swift; path = ColorWheelBase.swift; sourceTree = "<group>"; };
/* End PBXFileReference section */

/* Begin PBXFrameworksBuildPhase section */
		E3506EB824C83BAC00964042 /* Frameworks */ = {
			isa = PBXFrameworksBuildPhase;
			buildActionMask = 2147483647;
			files = (
			);
			runOnlyForDeploymentPostprocessing = 0;
		};
/* End PBXFrameworksBuildPhase section */

/* Begin PBXGroup section */
		E3506EB224C83BAC00964042 = {
			isa = PBXGroup;
			children = (
				E3506EBD24C83BAD00964042 /* RainbowCircle */,
				E3506EBC24C83BAD00964042 /* Products */,
			);
			sourceTree = "<group>";
		};
		E3506EBC24C83BAD00964042 /* Products */ = {
			isa = PBXGroup;
			children = (
				E3506EBB24C83BAD00964042 /* RainbowCircle.app */,
			);
			name = Products;
			sourceTree = "<group>";
		};
		E3506EBD24C83BAD00964042 /* RainbowCircle */ = {
			isa = PBXGroup;
			children = (
				E3506EFB24D0279700964042 /* Fonts */,
				E3506EEB24CEEA2000964042 /* Sounds */,
				E3506EDA24C9E50600964042 /* Helpers */,
				E3506ED924C9DAC400964042 /* Models */,
				E3506ED824C83C0300964042 /* Scenes */,
				E3506ED724C83BF800964042 /* Controllers */,
				E3506ED624C83BE000964042 /* Resources */,
				E3506EBE24C83BAD00964042 /* AppDelegate.swift */,
			);
			path = RainbowCircle;
			sourceTree = "<group>";
		};
		E3506ED624C83BE000964042 /* Resources */ = {
			isa = PBXGroup;
			children = (
				E3506ED024C83BBA00964042 /* Info.plist */,
				E3506ECD24C83BBA00964042 /* LaunchScreen.storyboard */,
				E3506EC824C83BAD00964042 /* Main.storyboard */,
				E3506ECB24C83BBA00964042 /* Assets.xcassets */,
			);
			path = Resources;
			sourceTree = "<group>";
		};
		E3506ED724C83BF800964042 /* Controllers */ = {
			isa = PBXGroup;
			children = (
				E3506EC624C83BAD00964042 /* GameViewController.swift */,
			);
			path = Controllers;
			sourceTree = "<group>";
		};
		E3506ED824C83C0300964042 /* Scenes */ = {
			isa = PBXGroup;
			children = (
				E3506EC424C83BAD00964042 /* GameScene.swift */,
				E3506EF224CF0FAE00964042 /* GameOverScene.swift */,
				E3506EF624D0022400964042 /* MainMenuScene.swift */,
			);
			path = Scenes;
			sourceTree = "<group>";
		};
		E3506ED924C9DAC400964042 /* Models */ = {
			isa = PBXGroup;
			children = (
				E3506EDD24CADA6B00964042 /* Side.swift */,
				E3506EDF24CADADB00964042 /* Ball.swift */,
				E3506EE524CD9EB000964042 /* HUD.swift */,
				E3506EE924CEDF9500964042 /* HighscoreGenerator.swift */,
				E3506EF824D006BF00964042 /* ColorWheelBase.swift */,
			);
			path = Models;
			sourceTree = "<group>";
		};
		E3506EDA24C9E50600964042 /* Helpers */ = {
			isa = PBXGroup;
			children = (
				E3506EDB24CADA3600964042 /* Enums.swift */,
				E3506EE124CAFB3B00964042 /* CGFloat.swift */,
				E3506EE324CB006F00964042 /* UIColor.swift */,
				E3506EE724CDA66500964042 /* PhysicsCategory.swift */,
			);
			path = Helpers;
			sourceTree = "<group>";
		};
		E3506EEB24CEEA2000964042 /* Sounds */ = {
			isa = PBXGroup;
			children = (
				E3506EEE24CEEBD700964042 /* correct.wav */,
				E3506EF024CEF08200964042 /* wrong.wav */,
			);
			path = Sounds;
			sourceTree = "<group>";
		};
		E3506EFB24D0279700964042 /* Fonts */ = {
			isa = PBXGroup;
			children = (
			);
			path = Fonts;
			sourceTree = "<group>";
		};
/* End PBXGroup section */

/* Begin PBXNativeTarget section */
		E3506EBA24C83BAC00964042 /* RainbowCircle */ = {
			isa = PBXNativeTarget;
			buildConfigurationList = E3506ED324C83BBA00964042 /* Build configuration list for PBXNativeTarget "RainbowCircle" */;
			buildPhases = (
				E3506EB724C83BAC00964042 /* Sources */,
				E3506EB824C83BAC00964042 /* Frameworks */,
				E3506EB924C83BAC00964042 /* Resources */,
			);
			buildRules = (
			);
			dependencies = (
			);
			name = RainbowCircle;
			productName = RainbowCircle;
			productReference = E3506EBB24C83BAD00964042 /* RainbowCircle.app */;
			productType = "com.apple.product-type.application";
		};
/* End PBXNativeTarget section */

/* Begin PBXProject section */
		E3506EB324C83BAC00964042 /* Project object */ = {
			isa = PBXProject;
			attributes = {
				LastSwiftUpdateCheck = 1160;
				LastUpgradeCheck = 1160;
				ORGANIZATIONNAME = "Yauheni Bunas";
				TargetAttributes = {
					E3506EBA24C83BAC00964042 = {
						CreatedOnToolsVersion = 11.6;
					};
				};
			};
			buildConfigurationList = E3506EB624C83BAC00964042 /* Build configuration list for PBXProject "RainbowCircle" */;
			compatibilityVersion = "Xcode 9.3";
			developmentRegion = en;
			hasScannedForEncodings = 0;
			knownRegions = (
				en,
				Base,
			);
			mainGroup = E3506EB224C83BAC00964042;
			productRefGroup = E3506EBC24C83BAD00964042 /* Products */;
			projectDirPath = "";
			projectRoot = "";
			targets = (
				E3506EBA24C83BAC00964042 /* RainbowCircle */,
			);
		};
/* End PBXProject section */

/* Begin PBXResourcesBuildPhase section */
		E3506EB924C83BAC00964042 /* Resources */ = {
			isa = PBXResourcesBuildPhase;
			buildActionMask = 2147483647;
			files = (
				E3506ECA24C83BAD00964042 /* Main.storyboard in Resources */,
				E3506EEF24CEEBD700964042 /* correct.wav in Resources */,
				E3506ECC24C83BBA00964042 /* Assets.xcassets in Resources */,
				E3506ECF24C83BBA00964042 /* LaunchScreen.storyboard in Resources */,
				E3506EF124CEF08200964042 /* wrong.wav in Resources */,
			);
			runOnlyForDeploymentPostprocessing = 0;
		};
/* End PBXResourcesBuildPhase section */

/* Begin PBXSourcesBuildPhase section */
		E3506EB724C83BAC00964042 /* Sources */ = {
			isa = PBXSourcesBuildPhase;
			buildActionMask = 2147483647;
			files = (
				E3506EE024CADADB00964042 /* Ball.swift in Sources */,
				E3506EF724D0022400964042 /* MainMenuScene.swift in Sources */,
				E3506EC524C83BAD00964042 /* GameScene.swift in Sources */,
				E3506EE224CAFB3C00964042 /* CGFloat.swift in Sources */,
				E3506EC724C83BAD00964042 /* GameViewController.swift in Sources */,
				E3506EDE24CADA6B00964042 /* Side.swift in Sources */,
				E3506EE424CB006F00964042 /* UIColor.swift in Sources */,
				E3506EF924D006BF00964042 /* ColorWheelBase.swift in Sources */,
				E3506EE624CD9EB100964042 /* HUD.swift in Sources */,
				E3506EE824CDA66500964042 /* PhysicsCategory.swift in Sources */,
				E3506EEA24CEDF9500964042 /* HighscoreGenerator.swift in Sources */,
				E3506EDC24CADA3600964042 /* Enums.swift in Sources */,
				E3506EF324CF0FAF00964042 /* GameOverScene.swift in Sources */,
				E3506EBF24C83BAD00964042 /* AppDelegate.swift in Sources */,
			);
			runOnlyForDeploymentPostprocessing = 0;
		};
/* End PBXSourcesBuildPhase section */

/* Begin PBXVariantGroup section */
		E3506EC824C83BAD00964042 /* Main.storyboard */ = {
			isa = PBXVariantGroup;
			children = (
				E3506EC924C83BAD00964042 /* Base */,
			);
			name = Main.storyboard;
			sourceTree = "<group>";
		};
		E3506ECD24C83BBA00964042 /* LaunchScreen.storyboard */ = {
			isa = PBXVariantGroup;
			children = (
				E3506ECE24C83BBA00964042 /* Base */,
			);
			name = LaunchScreen.storyboard;
			sourceTree = "<group>";
		};
/* End PBXVariantGroup section */

/* Begin XCBuildConfiguration section */
		E3506ED124C83BBA00964042 /* Debug */ = {
			isa = XCBuildConfiguration;
			buildSettings = {
				ALWAYS_SEARCH_USER_PATHS = NO;
				CLANG_ANALYZER_NONNULL = YES;
				CLANG_ANALYZER_NUMBER_OBJECT_CONVERSION = YES_AGGRESSIVE;
				CLANG_CXX_LANGUAGE_STANDARD = "gnu++14";
				CLANG_CXX_LIBRARY = "libc++";
				CLANG_ENABLE_MODULES = YES;
				CLANG_ENABLE_OBJC_ARC = YES;
				CLANG_ENABLE_OBJC_WEAK = YES;
				CLANG_WARN_BLOCK_CAPTURE_AUTORELEASING = YES;
				CLANG_WARN_BOOL_CONVERSION = YES;
				CLANG_WARN_COMMA = YES;
				CLANG_WARN_CONSTANT_CONVERSION = YES;
				CLANG_WARN_DEPRECATED_OBJC_IMPLEMENTATIONS = YES;
				CLANG_WARN_DIRECT_OBJC_ISA_USAGE = YES_ERROR;
				CLANG_WARN_DOCUMENTATION_COMMENTS = YES;
				CLANG_WARN_EMPTY_BODY = YES;
				CLANG_WARN_ENUM_CONVERSION = YES;
				CLANG_WARN_INFINITE_RECURSION = YES;
				CLANG_WARN_INT_CONVERSION = YES;
				CLANG_WARN_NON_LITERAL_NULL_CONVERSION = YES;
				CLANG_WARN_OBJC_IMPLICIT_RETAIN_SELF = YES;
				CLANG_WARN_OBJC_LITERAL_CONVERSION = YES;
				CLANG_WARN_OBJC_ROOT_CLASS = YES_ERROR;
				CLANG_WARN_RANGE_LOOP_ANALYSIS = YES;
				CLANG_WARN_STRICT_PROTOTYPES = YES;
				CLANG_WARN_SUSPICIOUS_MOVE = YES;
				CLANG_WARN_UNGUARDED_AVAILABILITY = YES_AGGRESSIVE;
				CLANG_WARN_UNREACHABLE_CODE = YES;
				CLANG_WARN__DUPLICATE_METHOD_MATCH = YES;
				COPY_PHASE_STRIP = NO;
				DEBUG_INFORMATION_FORMAT = dwarf;
				ENABLE_STRICT_OBJC_MSGSEND = YES;
				ENABLE_TESTABILITY = YES;
				GCC_C_LANGUAGE_STANDARD = gnu11;
				GCC_DYNAMIC_NO_PIC = NO;
				GCC_NO_COMMON_BLOCKS = YES;
				GCC_OPTIMIZATION_LEVEL = 0;
				GCC_PREPROCESSOR_DEFINITIONS = (
					"DEBUG=1",
					"$(inherited)",
				);
				GCC_WARN_64_TO_32_BIT_CONVERSION = YES;
				GCC_WARN_ABOUT_RETURN_TYPE = YES_ERROR;
				GCC_WARN_UNDECLARED_SELECTOR = YES;
				GCC_WARN_UNINITIALIZED_AUTOS = YES_AGGRESSIVE;
				GCC_WARN_UNUSED_FUNCTION = YES;
				GCC_WARN_UNUSED_VARIABLE = YES;
				IPHONEOS_DEPLOYMENT_TARGET = 13.6;
				MTL_ENABLE_DEBUG_INFO = INCLUDE_SOURCE;
				MTL_FAST_MATH = YES;
				ONLY_ACTIVE_ARCH = YES;
				SDKROOT = iphoneos;
				SWIFT_ACTIVE_COMPILATION_CONDITIONS = DEBUG;
				SWIFT_OPTIMIZATION_LEVEL = "-Onone";
			};
			name = Debug;
		};
		E3506ED224C83BBA00964042 /* Release */ = {
			isa = XCBuildConfiguration;
			buildSettings = {
				ALWAYS_SEARCH_USER_PATHS = NO;
				CLANG_ANALYZER_NONNULL = YES;
				CLANG_ANALYZER_NUMBER_OBJECT_CONVERSION = YES_AGGRESSIVE;
				CLANG_CXX_LANGUAGE_STANDARD = "gnu++14";
				CLANG_CXX_LIBRARY = "libc++";
				CLANG_ENABLE_MODULES = YES;
				CLANG_ENABLE_OBJC_ARC = YES;
				CLANG_ENABLE_OBJC_WEAK = YES;
				CLANG_WARN_BLOCK_CAPTURE_AUTORELEASING = YES;
				CLANG_WARN_BOOL_CONVERSION = YES;
				CLANG_WARN_COMMA = YES;
				CLANG_WARN_CONSTANT_CONVERSION = YES;
				CLANG_WARN_DEPRECATED_OBJC_IMPLEMENTATIONS = YES;
				CLANG_WARN_DIRECT_OBJC_ISA_USAGE = YES_ERROR;
				CLANG_WARN_DOCUMENTATION_COMMENTS = YES;
				CLANG_WARN_EMPTY_BODY = YES;
				CLANG_WARN_ENUM_CONVERSION = YES;
				CLANG_WARN_INFINITE_RECURSION = YES;
				CLANG_WARN_INT_CONVERSION = YES;
				CLANG_WARN_NON_LITERAL_NULL_CONVERSION = YES;
				CLANG_WARN_OBJC_IMPLICIT_RETAIN_SELF = YES;
				CLANG_WARN_OBJC_LITERAL_CONVERSION = YES;
				CLANG_WARN_OBJC_ROOT_CLASS = YES_ERROR;
				CLANG_WARN_RANGE_LOOP_ANALYSIS = YES;
				CLANG_WARN_STRICT_PROTOTYPES = YES;
				CLANG_WARN_SUSPICIOUS_MOVE = YES;
				CLANG_WARN_UNGUARDED_AVAILABILITY = YES_AGGRESSIVE;
				CLANG_WARN_UNREACHABLE_CODE = YES;
				CLANG_WARN__DUPLICATE_METHOD_MATCH = YES;
				COPY_PHASE_STRIP = NO;
				DEBUG_INFORMATION_FORMAT = "dwarf-with-dsym";
				ENABLE_NS_ASSERTIONS = NO;
				ENABLE_STRICT_OBJC_MSGSEND = YES;
				GCC_C_LANGUAGE_STANDARD = gnu11;
				GCC_NO_COMMON_BLOCKS = YES;
				GCC_WARN_64_TO_32_BIT_CONVERSION = YES;
				GCC_WARN_ABOUT_RETURN_TYPE = YES_ERROR;
				GCC_WARN_UNDECLARED_SELECTOR = YES;
				GCC_WARN_UNINITIALIZED_AUTOS = YES_AGGRESSIVE;
				GCC_WARN_UNUSED_FUNCTION = YES;
				GCC_WARN_UNUSED_VARIABLE = YES;
				IPHONEOS_DEPLOYMENT_TARGET = 13.6;
				MTL_ENABLE_DEBUG_INFO = NO;
				MTL_FAST_MATH = YES;
				SDKROOT = iphoneos;
				SWIFT_COMPILATION_MODE = wholemodule;
				SWIFT_OPTIMIZATION_LEVEL = "-O";
				VALIDATE_PRODUCT = YES;
			};
			name = Release;
		};
		E3506ED424C83BBA00964042 /* Debug */ = {
			isa = XCBuildConfiguration;
			buildSettings = {
				ASSETCATALOG_COMPILER_APPICON_NAME = AppIcon;
				CODE_SIGN_STYLE = Automatic;
				DEVELOPMENT_TEAM = 3PYAHU7CY6;
				INFOPLIST_FILE = RainbowCircle/Resources/Info.plist;
				LD_RUNPATH_SEARCH_PATHS = (
					"$(inherited)",
					"@executable_path/Frameworks",
				);
				PRODUCT_BUNDLE_IDENTIFIER = y.bunas.RainbowCircle;
				PRODUCT_NAME = "$(TARGET_NAME)";
				SWIFT_VERSION = 5.0;
				TARGETED_DEVICE_FAMILY = "1,2";
			};
			name = Debug;
		};
		E3506ED524C83BBA00964042 /* Release */ = {
			isa = XCBuildConfiguration;
			buildSettings = {
				ASSETCATALOG_COMPILER_APPICON_NAME = AppIcon;
				CODE_SIGN_STYLE = Automatic;
				DEVELOPMENT_TEAM = 3PYAHU7CY6;
				INFOPLIST_FILE = RainbowCircle/Resources/Info.plist;
				LD_RUNPATH_SEARCH_PATHS = (
					"$(inherited)",
					"@executable_path/Frameworks",
				);
				PRODUCT_BUNDLE_IDENTIFIER = y.bunas.RainbowCircle;
				PRODUCT_NAME = "$(TARGET_NAME)";
				SWIFT_VERSION = 5.0;
				TARGETED_DEVICE_FAMILY = "1,2";
			};
			name = Release;
		};
/* End XCBuildConfiguration section */

/* Begin XCConfigurationList section */
		E3506EB624C83BAC00964042 /* Build configuration list for PBXProject "RainbowCircle" */ = {
			isa = XCConfigurationList;
			buildConfigurations = (
				E3506ED124C83BBA00964042 /* Debug */,
				E3506ED224C83BBA00964042 /* Release */,
			);
			defaultConfigurationIsVisible = 0;
			defaultConfigurationName = Release;
		};
		E3506ED324C83BBA00964042 /* Build configuration list for PBXNativeTarget "RainbowCircle" */ = {
			isa = XCConfigurationList;
			buildConfigurations = (
				E3506ED424C83BBA00964042 /* Debug */,
				E3506ED524C83BBA00964042 /* Release */,
			);
			defaultConfigurationIsVisible = 0;
			defaultConfigurationName = Release;
		};
/* End XCConfigurationList section */
	};
	rootObject = E3506EB324C83BAC00964042 /* Project object */;
}
